{
  "requires": true,
  "lockfileVersion": 1,
  "dependencies": {
    "seajs": {
      "version": "3.0.3",
      "resolved": "https://registry.npmjs.org/seajs/-/seajs-3.0.3.tgz",
      "integrity": "sha512-cmvBYGTmAWL2wfX4fo9nduknk7OTIRkDv67DGauECzDjkWq7FjkbFSSUtMC1Yocxk9xiwgpChxLvC4qpk7tchA=="
    }
  }
}
